
Microsoft Visual Studio Solution File, Format Version 12.00
# Visual Studio Version 17
VisualStudioVersion = 17.5.33516.290
MinimumVisualStudioVersion = 10.0.40219.1
Project("{FAE04EC0-301F-11D3-BF4B-00C04F79EFBC}") = "Domain", "ProbCalc.Domain\Domain.csproj", "{49F55677-4078-4C44-BD11-113A544335CC}"
EndProject
Project("{FAE04EC0-301F-11D3-BF4B-00C04F79EFBC}") = "Domain.Tests", "ProbCalc.Domain.Tests\Domain.Tests.csproj", "{EF959442-F84B-4971-A808-C4794F2A2D49}"
EndProject
Project("{FAE04EC0-301F-11D3-BF4B-00C04F79EFBC}") = "WebApi", "ProbCalc.Api\WebApi.csproj", "{BCF285FF-5038-4D86-9C95-E27A6B096E3F}"
EndProject
Project("{FAE04EC0-301F-11D3-BF4B-00C04F79EFBC}") = "Application", "ProbCalc.Application\Application.csproj", "{97ADF7BB-D5CD-4AA6-AEC6-435CDB0E9FDD}"
EndProject
Global
	GlobalSection(SolutionConfigurationPlatforms) = preSolution
		Debug|Any CPU = Debug|Any CPU
		Release|Any CPU = Release|Any CPU
	EndGlobalSection
	GlobalSection(ProjectConfigurationPlatforms) = postSolution
		{49F55677-4078-4C44-BD11-113A544335CC}.Debug|Any CPU.ActiveCfg = Debug|Any CPU
		{49F55677-4078-4C44-BD11-113A544335CC}.Debug|Any CPU.Build.0 = Debug|Any CPU
		{49F55677-4078-4C44-BD11-113A544335CC}.Release|Any CPU.ActiveCfg = Release|Any CPU
		{49F55677-4078-4C44-BD11-113A544335CC}.Release|Any CPU.Build.0 = Release|Any CPU
		{EF959442-F84B-4971-A808-C4794F2A2D49}.Debug|Any CPU.ActiveCfg = Debug|Any CPU
		{EF959442-F84B-4971-A808-C4794F2A2D49}.Debug|Any CPU.Build.0 = Debug|Any CPU
		{EF959442-F84B-4971-A808-C4794F2A2D49}.Release|Any CPU.ActiveCfg = Release|Any CPU
		{EF959442-F84B-4971-A808-C4794F2A2D49}.Release|Any CPU.Build.0 = Release|Any CPU
		{BCF285FF-5038-4D86-9C95-E27A6B096E3F}.Debug|Any CPU.ActiveCfg = Debug|Any CPU
		{BCF285FF-5038-4D86-9C95-E27A6B096E3F}.Debug|Any CPU.Build.0 = Debug|Any CPU
		{BCF285FF-5038-4D86-9C95-E27A6B096E3F}.Release|Any CPU.ActiveCfg = Release|Any CPU
		{BCF285FF-5038-4D86-9C95-E27A6B096E3F}.Release|Any CPU.Build.0 = Release|Any CPU
		{97ADF7BB-D5CD-4AA6-AEC6-435CDB0E9FDD}.Debug|Any CPU.ActiveCfg = Debug|Any CPU
		{97ADF7BB-D5CD-4AA6-AEC6-435CDB0E9FDD}.Debug|Any CPU.Build.0 = Debug|Any CPU
		{97ADF7BB-D5CD-4AA6-AEC6-435CDB0E9FDD}.Release|Any CPU.ActiveCfg = Release|Any CPU
		{97ADF7BB-D5CD-4AA6-AEC6-435CDB0E9FDD}.Release|Any CPU.Build.0 = Release|Any CPU
	EndGlobalSection
	GlobalSection(SolutionProperties) = preSolution
		HideSolutionNode = FALSE
	EndGlobalSection
	GlobalSection(ExtensibilityGlobals) = postSolution
		SolutionGuid = {7D30CEFC-0BC4-4118-9F77-B3A881E725E0}
	EndGlobalSection
EndGlobal
